{
  "version": "3",
  "remote": {
    "https://cdn.skypack.dev/-/encoding-japanese@v2.0.0-A6vPUZKWB4i8mlc73aBz/dist=es2019,mode=imports/optimized/encoding-japanese.js": "1b6bf19164b98a00add0658b14e909eb0c36f726f13669b70d22ded3ba58cf26",
    "https://cdn.skypack.dev/encoding-japanese@2.0.0?dts": "0442295f8accbb3122ea3b0279dae69ceba388c6a8b9d10ecd0b96e0f2ac35da",
    "https://deno.land/std@0.140.0/_util/assert.ts": "e94f2eb37cebd7f199952e242c77654e43333c1ac4c5c700e929ea3aa5489f74",
    "https://deno.land/std@0.140.0/_util/os.ts": "3b4c6e27febd119d36a416d7a97bd3b0251b77c88942c8f16ee5953ea13e2e49",
    "https://deno.land/std@0.140.0/bytes/bytes_list.ts": "67eb118e0b7891d2f389dad4add35856f4ad5faab46318ff99653456c23b025d",
    "https://deno.land/std@0.140.0/bytes/equals.ts": "fc16dff2090cced02497f16483de123dfa91e591029f985029193dfaa9d894c9",
    "https://deno.land/std@0.140.0/bytes/mod.ts": "763f97d33051cc3f28af1a688dfe2830841192a9fea0cbaa55f927b49d49d0bf",
    "https://deno.land/std@0.140.0/fmt/colors.ts": "30455035d6d728394781c10755351742dd731e3db6771b1843f9b9e490104d37",
    "https://deno.land/std@0.140.0/fs/_util.ts": "0fb24eb4bfebc2c194fb1afdb42b9c3dda12e368f43e8f2321f84fc77d42cb0f",
    "https://deno.land/std@0.140.0/fs/ensure_dir.ts": "9dc109c27df4098b9fc12d949612ae5c9c7169507660dcf9ad90631833209d9d",
    "https://deno.land/std@0.140.0/io/buffer.ts": "bd0c4bf53db4b4be916ca5963e454bddfd3fcd45039041ea161dbf826817822b",
    "https://deno.land/std@0.140.0/path/_constants.ts": "df1db3ffa6dd6d1252cc9617e5d72165cd2483df90e93833e13580687b6083c3",
    "https://deno.land/std@0.140.0/path/_interface.ts": "ee3b431a336b80cf445441109d089b70d87d5e248f4f90ff906820889ecf8d09",
    "https://deno.land/std@0.140.0/path/_util.ts": "c1e9686d0164e29f7d880b2158971d805b6e0efc3110d0b3e24e4b8af2190d2b",
    "https://deno.land/std@0.140.0/path/common.ts": "bee563630abd2d97f99d83c96c2fa0cca7cee103e8cb4e7699ec4d5db7bd2633",
    "https://deno.land/std@0.140.0/path/glob.ts": "cb5255638de1048973c3e69e420c77dc04f75755524cb3b2e160fe9277d939ee",
    "https://deno.land/std@0.140.0/path/mod.ts": "d3e68d0abb393fb0bf94a6d07c46ec31dc755b544b13144dee931d8d5f06a52d",
    "https://deno.land/std@0.140.0/path/posix.ts": "293cdaec3ecccec0a9cc2b534302dfe308adb6f10861fa183275d6695faace44",
    "https://deno.land/std@0.140.0/path/separator.ts": "fe1816cb765a8068afb3e8f13ad272351c85cbc739af56dacfc7d93d710fe0f9",
    "https://deno.land/std@0.140.0/path/win32.ts": "31811536855e19ba37a999cd8d1b62078235548d67902ece4aa6b814596dd757",
    "https://deno.land/std@0.140.0/streams/conversion.ts": "712585bfa0172a97fb68dd46e784ae8ad59d11b88079d6a4ab098ff42e697d21",
    "https://deno.land/std@0.160.0/encoding/hex.ts": "4cc5324417cbb4ac9b828453d35aed45b9cc29506fad658f1f138d981ae33795",
    "https://deno.land/std@0.160.0/hash/md5.ts": "5df247e8d9e0abeb555ed8ff39d39c0c3240f52847bfb72e363ad582a102527c",
    "https://deno.land/std@0.181.0/_util/asserts.ts": "178dfc49a464aee693a7e285567b3d0b555dc805ff490505a8aae34f9cfb1462",
    "https://deno.land/std@0.181.0/_util/os.ts": "d932f56d41e4f6a6093d56044e29ce637f8dcc43c5a90af43504a889cf1775e3",
    "https://deno.land/std@0.181.0/fmt/colors.ts": "d67e3cd9f472535241a8e410d33423980bec45047e343577554d3356e1f0ef4e",
    "https://deno.land/std@0.181.0/fs/_util.ts": "65381f341af1ff7f40198cee15c20f59951ac26e51ddc651c5293e24f9ce6f32",
    "https://deno.land/std@0.181.0/fs/empty_dir.ts": "c3d2da4c7352fab1cf144a1ecfef58090769e8af633678e0f3fabaef98594688",
    "https://deno.land/std@0.181.0/fs/ensure_dir.ts": "dc64c4c75c64721d4e3fb681f1382f803ff3d2868f08563ff923fdd20d071c40",
    "https://deno.land/std@0.181.0/fs/expand_glob.ts": "e4f56259a0a70fe23f05215b00de3ac5e6ba46646ab2a06ebbe9b010f81c972a",
    "https://deno.land/std@0.181.0/fs/walk.ts": "ea95ffa6500c1eda6b365be488c056edc7c883a1db41ef46ec3bf057b1c0fe32",
    "https://deno.land/std@0.181.0/path/_constants.ts": "e49961f6f4f48039c0dfed3c3f93e963ca3d92791c9d478ac5b43183413136e0",
    "https://deno.land/std@0.181.0/path/_interface.ts": "6471159dfbbc357e03882c2266d21ef9afdb1e4aa771b0545e90db58a0ba314b",
    "https://deno.land/std@0.181.0/path/_util.ts": "d7abb1e0dea065f427b89156e28cdeb32b045870acdf865833ba808a73b576d0",
    "https://deno.land/std@0.181.0/path/common.ts": "ee7505ab01fd22de3963b64e46cff31f40de34f9f8de1fff6a1bd2fe79380000",
    "https://deno.land/std@0.181.0/path/glob.ts": "d479e0a695621c94d3fd7fe7abd4f9499caf32a8de13f25073451c6ef420a4e1",
    "https://deno.land/std@0.181.0/path/mod.ts": "bf718f19a4fdd545aee1b06409ca0805bd1b68ecf876605ce632e932fe54510c",
    "https://deno.land/std@0.181.0/path/posix.ts": "8b7c67ac338714b30c816079303d0285dd24af6b284f7ad63da5b27372a2c94d",
    "https://deno.land/std@0.181.0/path/separator.ts": "0fb679739d0d1d7bf45b68dacfb4ec7563597a902edbaf3c59b50d5bcadd93b1",
    "https://deno.land/std@0.181.0/path/win32.ts": "d186344e5583bcbf8b18af416d13d82b35a317116e6460a5a3953508c3de5bba",
    "https://deno.land/std@0.223.0/assert/_constants.ts": "a271e8ef5a573f1df8e822a6eb9d09df064ad66a4390f21b3e31f820a38e0975",
    "https://deno.land/std@0.223.0/assert/_diff.ts": "4bf42969aa8b1a33aaf23eb8e478b011bfaa31b82d85d2ff4b5c4662d8780d2b",
    "https://deno.land/std@0.223.0/assert/_format.ts": "0ba808961bf678437fb486b56405b6fefad2cf87b5809667c781ddee8c32aff4",
    "https://deno.land/std@0.223.0/assert/assert.ts": "09d30564c09de846855b7b071e62b5974b001bb72a4b797958fe0660e7849834",
    "https://deno.land/std@0.223.0/assert/assert_almost_equals.ts": "9e416114322012c9a21fa68e187637ce2d7df25bcbdbfd957cd639e65d3cf293",
    "https://deno.land/std@0.223.0/assert/assert_array_includes.ts": "167b2c29997defd49a1835de52b54ae3cbb2bcba52df7c7ee45fe64b473264f1",
    "https://deno.land/std@0.223.0/assert/assert_equals.ts": "cc1f4b0ff4ad511e69f965535b56a6cdbbbc0f086bf376e0243214df6039c883",
    "https://deno.land/std@0.223.0/assert/assert_exists.ts": "43420cf7f956748ae6ed1230646567b3593cb7a36c5a5327269279c870c5ddfd",
    "https://deno.land/std@0.223.0/assert/assert_false.ts": "3e9be8e33275db00d952e9acb0cd29481a44fa0a4af6d37239ff58d79e8edeff",
    "https://deno.land/std@0.223.0/assert/assert_greater.ts": "26903fc7170a9eb37ee6c6606c772b5a0465a85e719cfe46f57de35555931419",
    "https://deno.land/std@0.223.0/assert/assert_greater_or_equal.ts": "10527cf379a71a55a88b96d9b3373d0346ea2bdd8d73d2faaab1224e2cedb727",
    "https://deno.land/std@0.223.0/assert/assert_instance_of.ts": "e22343c1fdcacfaea8f37784ad782683ec1cf599ae9b1b618954e9c22f376f2c",
    "https://deno.land/std@0.223.0/assert/assert_is_error.ts": "f856b3bc978a7aa6a601f3fec6603491ab6255118afa6baa84b04426dd3cc491",
    "https://deno.land/std@0.223.0/assert/assert_less.ts": "091f0cc80f53425be22b14c9b6ae410fea08e16eca391a476303c5f4852fcd9e",
    "https://deno.land/std@0.223.0/assert/assert_less_or_equal.ts": "9418b2f809023f778d58fd6834410814900eacb8a91708647970ae1085553813",
    "https://deno.land/std@0.223.0/assert/assert_match.ts": "ace1710dd3b2811c391946954234b5da910c5665aed817943d086d4d4871a8b7",
    "https://deno.land/std@0.223.0/assert/assert_not_equals.ts": "78d45dd46133d76ce624b2c6c09392f6110f0df9b73f911d20208a68dee2ef29",
    "https://deno.land/std@0.223.0/assert/assert_not_instance_of.ts": "3434a669b4d20cdcc5359779301a0588f941ffdc2ad68803c31eabdb4890cf7a",
    "https://deno.land/std@0.223.0/assert/assert_not_match.ts": "df30417240aa2d35b1ea44df7e541991348a063d9ee823430e0b58079a72242a",
    "https://deno.land/std@0.223.0/assert/assert_not_strict_equals.ts": "61e4adfd80eddaab5da5e5444431dfb19457f26b1f1e7a8be27c5d981b7f50b9",
    "https://deno.land/std@0.223.0/assert/assert_object_match.ts": "411450fd194fdaabc0089ae68f916b545a49d7b7e6d0026e84a54c9e7eed2693",
    "https://deno.land/std@0.223.0/assert/assert_rejects.ts": "4bee1d6d565a5b623146a14668da8f9eb1f026a4f338bbf92b37e43e0aa53c31",
    "https://deno.land/std@0.223.0/assert/assert_strict_equals.ts": "dbcdcb5b8b74e6c06bce6a9fa43ff4d1089793e7832baff251e514954b9b266b",
    "https://deno.land/std@0.223.0/assert/assert_string_includes.ts": "496b9ecad84deab72c8718735373feb6cdaa071eb91a98206f6f3cb4285e71b8",
    "https://deno.land/std@0.223.0/assert/assert_throws.ts": "c6508b2879d465898dab2798009299867e67c570d7d34c90a2d235e4553906eb",
    "https://deno.land/std@0.223.0/assert/assertion_error.ts": "ba8752bd27ebc51f723702fac2f54d3e94447598f54264a6653d6413738a8917",
    "https://deno.land/std@0.223.0/assert/equal.ts": "bddf07bb5fc718e10bb72d5dc2c36c1ce5a8bdd3b647069b6319e07af181ac47",
    "https://deno.land/std@0.223.0/assert/fail.ts": "0eba674ffb47dff083f02ced76d5130460bff1a9a68c6514ebe0cdea4abadb68",
    "https://deno.land/std@0.223.0/assert/mod.ts": "48b8cb8a619ea0b7958ad7ee9376500fe902284bb36f0e32c598c3dc34cbd6f3",
    "https://deno.land/std@0.223.0/assert/unimplemented.ts": "8c55a5793e9147b4f1ef68cd66496b7d5ba7a9e7ca30c6da070c1a58da723d73",
    "https://deno.land/std@0.223.0/assert/unreachable.ts": "5ae3dbf63ef988615b93eb08d395dda771c96546565f9e521ed86f6510c29e19",
    "https://deno.land/std@0.223.0/fmt/colors.ts": "d239d84620b921ea520125d778947881f62c50e78deef2657073840b8af9559a",
    "https://deno.land/x/code_block_writer@12.0.0/mod.ts": "2c3448060e47c9d08604c8f40dee34343f553f33edcdfebbf648442be33205e5",
    "https://deno.land/x/code_block_writer@12.0.0/utils/string_utils.ts": "60cb4ec8bd335bf241ef785ccec51e809d576ff8e8d29da43d2273b69ce2a6ff",
    "https://deno.land/x/deno_cache@0.6.2/auth_tokens.ts": "5d1d56474c54a9d152e44d43ea17c2e6a398dd1e9682c69811a313567c01ee1e",
    "https://deno.land/x/deno_cache@0.6.2/cache.ts": "58b53c128b742757efcad10af9a3871f23b4e200674cb5b0ddf61164fb9b2fe7",
    "https://deno.land/x/deno_cache@0.6.2/deno_dir.ts": "1ea355b8ba11c630d076b222b197cfc937dd81e5a4a260938997da99e8ff93a0",
    "https://deno.land/x/deno_cache@0.6.2/deps.ts": "12cca94516cf2d3ed42fccd4b721ecd8060679253f077d83057511045b0081aa",
    "https://deno.land/x/deno_cache@0.6.2/dirs.ts": "009c6f54e0b610914d6ce9f72f6f6ccfffd2d47a79a19061e0a9eb4253836069",
    "https://deno.land/x/deno_cache@0.6.2/disk_cache.ts": "66a1e604a8d564b6dd0500326cac33d08b561d331036bf7272def80f2f7952aa",
    "https://deno.land/x/deno_cache@0.6.2/file_fetcher.ts": "4f3e4a2c78a5ca1e4812099e5083f815a8525ab20d389b560b3517f6b1161dd6",
    "https://deno.land/x/deno_cache@0.6.2/http_cache.ts": "407135eaf2802809ed373c230d57da7ef8dff923c4abf205410b9b99886491fd",
    "https://deno.land/x/deno_cache@0.6.2/lib/deno_cache_dir.generated.js": "59f8defac32e8ebf2a30f7bc77e9d88f0e60098463fb1b75e00b9791a4bbd733",
    "https://deno.land/x/deno_cache@0.6.2/lib/snippets/deno_cache_dir-a2aecaa9536c9402/fs.js": "cbe3a976ed63c72c7cb34ef845c27013033a3b11f9d8d3e2c4aa5dda2c0c7af6",
    "https://deno.land/x/deno_cache@0.6.2/mod.ts": "b4004287e1c6123d7f07fe9b5b3e94ce6d990c4102949a89c527c68b19627867",
    "https://deno.land/x/deno_cache@0.6.2/util.ts": "f3f5a0cfc60051f09162942fb0ee87a0e27b11a12aec4c22076e3006be4cc1e2",
    "https://deno.land/x/dir@1.5.1/data_local_dir/mod.ts": "91eb1c4bfadfbeda30171007bac6d85aadacd43224a5ed721bbe56bc64e9eb66",
    "https://deno.land/x/dnt@0.40.0/lib/compiler.ts": "7f4447531581896348b8a379ab94730856b42ae50d99043f2468328360293cb1",
    "https://deno.land/x/dnt@0.40.0/lib/compiler_transforms.ts": "f21aba052f5dcf0b0595c734450842855c7f572e96165d3d34f8fed2fc1f7ba1",
    "https://deno.land/x/dnt@0.40.0/lib/mod.deps.ts": "8d6123c8e1162037e58aa8126686a03d1e2cffb250a8757bf715f80242097597",
    "https://deno.land/x/dnt@0.40.0/lib/npm_ignore.ts": "57fbb7e7b935417d225eec586c6aa240288905eb095847d3f6a88e290209df4e",
    "https://deno.land/x/dnt@0.40.0/lib/package_json.ts": "607b0a4f44acad071a4c8533b312a27d6671eac8e6a23625c8350ce29eadb2ba",
    "https://deno.land/x/dnt@0.40.0/lib/pkg/dnt_wasm.generated.js": "2694546844a50861d6d1610859afbf5130baca4dc6cf304541b7ec2d6d998142",
    "https://deno.land/x/dnt@0.40.0/lib/pkg/snippets/dnt-wasm-a15ef721fa5290c5/helpers.js": "aba69a019a6da6f084898a6c7b903b8b583bc0dbd82bfb338449cf0b5bce58fd",
    "https://deno.land/x/dnt@0.40.0/lib/shims.ts": "39e5c141f0315c0faf30b479b53f92b9078d92e1fd67ee34cc60b701d8e68dab",
    "https://deno.land/x/dnt@0.40.0/lib/test_runner/get_test_runner_code.ts": "4dc7a73a13b027341c0688df2b29a4ef102f287c126f134c33f69f0339b46968",
    "https://deno.land/x/dnt@0.40.0/lib/test_runner/test_runner.ts": "4d0da0500ec427d5f390d9a8d42fb882fbeccc92c92d66b6f2e758606dbd40e6",
    "https://deno.land/x/dnt@0.40.0/lib/transform.deps.ts": "2e159661e1c5c650de9a573babe0e319349fe493105157307ec2ad2f6a52c94e",
    "https://deno.land/x/dnt@0.40.0/lib/types.ts": "b8e228b2fac44c2ae902fbb73b1689f6ab889915bd66486c8a85c0c24255f5fb",
    "https://deno.land/x/dnt@0.40.0/lib/utils.ts": "224f15f33e7226a2fd991e438d0291d7ed8c7889807efa2e1ecb67d2d1db6720",
    "https://deno.land/x/dnt@0.40.0/mod.ts": "ae1890fbe592e4797e7dd88c1e270f22b8334878e9bf187c4e11ae75746fe778",
    "https://deno.land/x/dnt@0.40.0/transform.ts": "f68743a14cf9bf53bfc9c81073871d69d447a7f9e3453e0447ca2fb78926bb1d",
    "https://deno.land/x/ts_morph@20.0.0/bootstrap/mod.ts": "b53aad517f106c4079971fcd4a81ab79fadc40b50061a3ab2b741a09119d51e9",
    "https://deno.land/x/ts_morph@20.0.0/bootstrap/ts_morph_bootstrap.js": "6645ac03c5e6687dfa8c78109dc5df0250b811ecb3aea2d97c504c35e8401c06",
    "https://deno.land/x/ts_morph@20.0.0/common/DenoRuntime.ts": "6a7180f0c6e90dcf23ccffc86aa8271c20b1c4f34c570588d08a45880b7e172d",
    "https://deno.land/x/ts_morph@20.0.0/common/mod.ts": "01985d2ee7da8d1caee318a9d07664774fbee4e31602bc2bb6bb62c3489555ed",
    "https://deno.land/x/ts_morph@20.0.0/common/ts_morph_common.js": "2325f94f61dc5f3f98a1dab366dc93048d11b1433d718b10cfc6ee5a1cfebe8f",
    "https://deno.land/x/ts_morph@20.0.0/common/typescript.js": "b9edf0a451685d13e0467a7ed4351d112b74bd1e256b915a2b941054e31c1736",
    "https://deno.land/x/wasmbuild@0.15.1/cache.ts": "9d01b5cb24e7f2a942bbd8d14b093751fa690a6cde8e21709ddc97667e6669ed",
    "https://deno.land/x/wasmbuild@0.15.1/loader.ts": "8c2fc10e21678e42f84c5135d8ab6ab7dc92424c3f05d2354896a29ccfd02a63",
    "https://raw.githubusercontent.com/i-xi-dev/base64.es/4.1.13/deps.ts": "c21bda6dd8553a298699a026e4b24effdfecbf1732656871d86257e4e5344af5",
    "https://raw.githubusercontent.com/i-xi-dev/base64.es/4.1.13/mod.ts": "7ca7438a37a23da4afc8a7b3efe887fd126c8bc2313c11fb4189f76e97158f6a",
    "https://raw.githubusercontent.com/i-xi-dev/base64.es/4.1.13/src/base64.ts": "b5aae3ed02b01ccb3b0dffa46fbdbae23f3446e9bec113f451ff9eed64710117",
    "https://raw.githubusercontent.com/i-xi-dev/buffer-utils.es/6.2.3/deps.ts": "3e35db40ead43cae644fd0d8e901ecf02e2d732c85d4fcbf881c9782a90f5e9f",
    "https://raw.githubusercontent.com/i-xi-dev/buffer-utils.es/6.2.3/mod.ts": "e1a228c03ec808a50b4a217481ef66b663955a031492feca56714a346036c5a5",
    "https://raw.githubusercontent.com/i-xi-dev/buffer-utils.es/6.2.3/src/array_buffer_view_constructor.ts": "742ca7b895dc30038b71e0adf092c84d09256408605339a941a5eafe6f615118",
    "https://raw.githubusercontent.com/i-xi-dev/buffer-utils.es/6.2.3/src/byte_order.ts": "1a525f5faaa442422a2a1aecd804131e95bed7b49e349d41172aa5a6bb14e3aa",
    "https://raw.githubusercontent.com/i-xi-dev/buffer-utils.es/6.2.3/src/growable_buffer.ts": "5781c159a298d1230e056defad059c8b9a8af0741bf3f97907f6a6f55a90aef0",
    "https://raw.githubusercontent.com/i-xi-dev/buffer-utils.es/6.2.3/src/main.ts": "cf697660080189377b9330439db429d83a3d8c7a48f2cb237d8fd42300e9b1a4",
    "https://raw.githubusercontent.com/i-xi-dev/bytes-encoding.es/1.0.29/deps.ts": "6ec6d9ae2bd89b34f13123df3d8fe8159f2e9f64024eec0eaa72dbdef9768631",
    "https://raw.githubusercontent.com/i-xi-dev/bytes-encoding.es/1.0.29/mod.ts": "fcd5d4186a2439e08fea1140ed316ebe8dac8d12fdf42ee21eba02c37a160940",
    "https://raw.githubusercontent.com/i-xi-dev/bytes-encoding.es/1.0.29/src/bytes_encoding.ts": "aa2305af9ca3d514ee48fce38da554a86e6ead9a4c112c98e85b4f19c1e9d671",
    "https://raw.githubusercontent.com/i-xi-dev/bytes-format.es/1.0.30/deps.ts": "ef38ea9f87c49c19aeea10302073fe47746be72b2429ce20ff02bdd796a1442a",
    "https://raw.githubusercontent.com/i-xi-dev/bytes-format.es/1.0.30/mod.ts": "4f7999322f2ef30d1ef160f69bb5f7a8ddf1dff034fd230f0a57ac792c100cf2",
    "https://raw.githubusercontent.com/i-xi-dev/bytes-format.es/1.0.30/src/bytes_format.ts": "eea3f9bb5c3269e12048bc1b621ffc4eeb6d34d05f8fd26ebda72874b18caaa2",
    "https://raw.githubusercontent.com/i-xi-dev/bytes-size.es/1.0.19/deps.ts": "d9b99d3e95326aa9148e2d2cc929c0ea154456ae85afac988feb4b874f08f3c4",
    "https://raw.githubusercontent.com/i-xi-dev/bytes-size.es/1.0.19/mod.ts": "3490201e18c8a9ff16bc671eb09700ff18e54ed623239464997d2e1819a4511c",
    "https://raw.githubusercontent.com/i-xi-dev/bytes-size.es/1.0.19/src/bytes_size.ts": "cd79ca48b70da0315bc038314c9439df3d98955307efb81568ee6ade101134be",
    "https://raw.githubusercontent.com/i-xi-dev/bytes-size.es/1.0.19/src/bytes_unit.ts": "e6f74c4827ca08d11bc2818fb17c0770fa01e28e48eaa94f99ef0386da399b1a",
    "https://raw.githubusercontent.com/i-xi-dev/bytes-stream.es/3.0.30/deps.ts": "52b5272d1835a73f24aa4bcb6c4d2772f713d767fa76f7d6dff5f3ad4875479d",
    "https://raw.githubusercontent.com/i-xi-dev/bytes-stream.es/3.0.30/mod.ts": "c06314a37ddbcafcdb6d3fd53299c6379289fecfaa399ce9ab9d471264c18a16",
    "https://raw.githubusercontent.com/i-xi-dev/bytes-stream.es/3.0.30/src/bytes_stream.ts": "2c130b5aed895b81a8ebbb8b71f96e08efd48e9b35447d5a3ec78845d5179d48",
    "https://raw.githubusercontent.com/i-xi-dev/compat.es/1.2.18/deps.ts": "84d2e430b4e351203da28d2f77cf7aa1db2e9b9e4570d66d34a18d7768062ad2",
    "https://raw.githubusercontent.com/i-xi-dev/compat.es/1.2.18/mod.ts": "6e0c1394790a67d710394fc820bdf77deb4c2e2dd6a0d538c61e09e2dede0936",
    "https://raw.githubusercontent.com/i-xi-dev/compat.es/1.2.18/src/blob.ts": "d70727f2fc94dbec33f43ec2413c8a66be0fab4154ac948ce1f51c199efbfc2f",
    "https://raw.githubusercontent.com/i-xi-dev/compat.es/1.2.18/src/crypto.ts": "62ede9ee0c5cffc08bf3729a7574489b536cdd33b7cddb88bb5fae2a0cd048f6",
    "https://raw.githubusercontent.com/i-xi-dev/compat.es/1.2.18/src/file.ts": "29be7fc9d5146714c464cfa81956ac7c11d7cf0d2abb3782675d4e1a4b347615",
    "https://raw.githubusercontent.com/i-xi-dev/compat.es/1.2.18/src/progress_event.ts": "bf54480e8de61add762926ff77f371580af8f5d2ef5f6bb565e2bafcd34d0cfc",
    "https://raw.githubusercontent.com/i-xi-dev/compat.es/1.2.18/src/readable_stream.ts": "174e42da063f0e00e560e05b5cd6af294dd25095e922efefe986357d2c5039e9",
    "https://raw.githubusercontent.com/i-xi-dev/compat.es/1.2.18/src/transform_stream.ts": "00e172c395357de6115ad385e1407ce0299cb2dcba77d2a2ecf89e0de2a8e695",
    "https://raw.githubusercontent.com/i-xi-dev/compat.es/1.2.18/src/writable_stream.ts": "6d3b526e8df6e2618cbbd3ac05adbc64641bdad268e3f05aff1b8335a85ab481",
    "https://raw.githubusercontent.com/i-xi-dev/dataurl.es/2.0.24/deps.ts": "69ba1f8b4a5bd0885a55cfc598e3d17ecb5c053f89ae01e645d9e52f209272a6",
    "https://raw.githubusercontent.com/i-xi-dev/dataurl.es/2.0.24/mod.ts": "5530897e9b545b50bed778ace27b1c78b3e57c9f7f627adee2a207c52c51da5f",
    "https://raw.githubusercontent.com/i-xi-dev/dataurl.es/2.0.24/src/data_url.ts": "3df299bd3721fe329e92f701b700268f0bc0b0c1f0a9385371a9dff889edb632",
    "https://raw.githubusercontent.com/i-xi-dev/digest.es/3.0.10/deps.ts": "19ac6221d6268c1f8bef401584e7ba216db98c80f9df0b9d0433dc511c1d503a",
    "https://raw.githubusercontent.com/i-xi-dev/digest.es/3.0.10/mod.ts": "65e987c0b4401800172345e3560a0d9398971bfe7f5f8dfb3c445c27af859f16",
    "https://raw.githubusercontent.com/i-xi-dev/digest.es/3.0.10/src/digest.ts": "763319b185e16e51e2d2a8b5dc15cc5e6499b852e72dc8bebe9cdde99da4613f",
    "https://raw.githubusercontent.com/i-xi-dev/digest.es/3.0.10/src/md5.ts": "11153520b619dcecc1cf9e3d02f3de74561947deb4f44b5c5ac69c05ea4eec9e",
    "https://raw.githubusercontent.com/i-xi-dev/exception.es/1.1.4/mod.ts": "4f7bdbda6564e4b5f2e849ef762d6ce38db9e4c1d885520f8818341b444de581",
    "https://raw.githubusercontent.com/i-xi-dev/exception.es/1.1.4/src/abort_error.ts": "498e55dee2984895b6d40d2e3007fb991cf2918cc5cb4cab6f4b9f842b5cc392",
    "https://raw.githubusercontent.com/i-xi-dev/exception.es/1.1.4/src/invalid_character_error.ts": "afa0ca48941fd0ea215a1b07bb50e96d71caeb9c7a72f9d1a73408e568efb5d9",
    "https://raw.githubusercontent.com/i-xi-dev/exception.es/1.1.4/src/invalid_state_error.ts": "b1318b32152794beff35284a3c41e6c869042a2bf4957eed0668122bc971bd8b",
    "https://raw.githubusercontent.com/i-xi-dev/exception.es/1.1.4/src/timeout_error.ts": "2e051257f548b21161db3d1e4a4fde95dc29e7c637bd579c7f2d96cd9113777c",
    "https://raw.githubusercontent.com/i-xi-dev/http-utils.es/2.1.25/deps.ts": "14b36bd71613539ad472199d1aac55dcc708f07642e41a3999820d8bc39f30bf",
    "https://raw.githubusercontent.com/i-xi-dev/http-utils.es/2.1.25/mod.ts": "94feaa36c412e5286a6b2c394f761f7bfa995be6bb76a3c9bf49ec4a76f7285b",
    "https://raw.githubusercontent.com/i-xi-dev/http-utils.es/2.1.25/src/http_utils.ts": "de9eb0d536a89f4abda642846a8daf71dbcacdf9e7ad9f3f2af82d4237387b38",
    "https://raw.githubusercontent.com/i-xi-dev/http.es/1.0.12/mod.ts": "6d014bcc745c5032ba346cf3f90d681d1cf7a50f23b3c73571d118a45e72525f",
    "https://raw.githubusercontent.com/i-xi-dev/http.es/1.0.12/src/http.ts": "8aa97297890e0cead512920fd4033c9f6e7740bf164ef6c3cc3792ace4b0b350",
    "https://raw.githubusercontent.com/i-xi-dev/loading.es/2.0.2/deps.ts": "55d9d56dd42a594a80cbab2c8ac8c1b1be3e3e7d408ee0fd08c37a8ca7634761",
    "https://raw.githubusercontent.com/i-xi-dev/loading.es/2.0.2/mod.ts": "6d6043e622b94c5ab4b45bcf2fad582525a3894e253372459edb327e94490b5e",
    "https://raw.githubusercontent.com/i-xi-dev/loading.es/2.0.2/src/loading.ts": "9e583f36c60710724312ee100ca62f7f271a6bcd6a62dfe4599e8749423b6a33",
    "https://raw.githubusercontent.com/i-xi-dev/mimetype.es/1.2.22/deps.ts": "bf179968ac4a72549f0d4d64f8af22bdadeacebc055ff24a2ce0110102cc94ac",
    "https://raw.githubusercontent.com/i-xi-dev/mimetype.es/1.2.22/mod.ts": "517a8b3ca91065bd1d91b814465fb40ccaa16d69fe03daba3479a69fac70399b",
    "https://raw.githubusercontent.com/i-xi-dev/mimetype.es/1.2.22/src/mediatype.ts": "310329255acffb8d7f129b18fe845bfedd45fe2e27fdcdeec1d27ec51f247353",
    "https://raw.githubusercontent.com/i-xi-dev/number-format.es/1.0.2/deps.ts": "48ac4069c9d8d7d8e2138b0ef0ff7b1312c249f6c5114807882fa3065671ec13",
    "https://raw.githubusercontent.com/i-xi-dev/number-format.es/1.0.2/mod.ts": "b92b2e442b3e306e6d68ab7ba1bd33dc57e8d8d2909ebe4b0a27c47c89820ee5",
    "https://raw.githubusercontent.com/i-xi-dev/number-format.es/1.0.2/src/safe_integer_format.ts": "0e5c245698b6ec4adf2bf8a7572cf074b4f61afa09539cb28e899be55bb7d78d",
    "https://raw.githubusercontent.com/i-xi-dev/number.es/8.0.0/mod.ts": "9a8f794fb02a04a2c0b13b5c7817e386bbfbb7f068b215f76eaea24f97f13ea7",
    "https://raw.githubusercontent.com/i-xi-dev/number.es/8.0.0/src/_utils.ts": "a2733e44ed12fb92d9a121cd14656e5fc29d77359e7c066ddfd427a91998e35f",
    "https://raw.githubusercontent.com/i-xi-dev/number.es/8.0.0/src/bigint.ts": "8f5e1601cafb6e867c354e1dfaa1b5b8e42f3c9c070a387728176633d7f528eb",
    "https://raw.githubusercontent.com/i-xi-dev/number.es/8.0.0/src/bigint_range.ts": "b14db6241c90419f47425e2d579ca7fadae4f67d1bb89f88edd4d3d60e75f8a9",
    "https://raw.githubusercontent.com/i-xi-dev/number.es/8.0.0/src/number.ts": "9c8ef92244a31efb4e5f137e151392ad8878821b4d22ee09de8d610a2ebb7753",
    "https://raw.githubusercontent.com/i-xi-dev/number.es/8.0.0/src/number_range.ts": "30de5dbaf141a5f647d046bd1e2dd8449ed2e43b05cbb4c4a9e4e18f2a2e8098",
    "https://raw.githubusercontent.com/i-xi-dev/number.es/8.0.0/src/radix.ts": "9e0f2281aefa4050f87d1559cf870326df1711fbc43e5c68ffa58af4bf79e0d8",
    "https://raw.githubusercontent.com/i-xi-dev/number.es/8.0.0/src/rounding_mode.ts": "f5e90afbbdf9e85b2d5d5b076f416ad6014cd3f7ff5d5f59927e2fe548a0926e",
    "https://raw.githubusercontent.com/i-xi-dev/number.es/8.0.0/src/safe_integer.ts": "e608bf1169444f239145b09fefd26dcb8e22494edd5162f78ef9ad87d3e21470",
    "https://raw.githubusercontent.com/i-xi-dev/number.es/8.0.0/src/uint16.ts": "f797a548774440365e470ba6e7e5f194b07fedce9ad47b5de73583fd9cebce43",
    "https://raw.githubusercontent.com/i-xi-dev/number.es/8.0.0/src/uint32.ts": "4c9faf0ee36a92a4c84131640776fd8bf86fb2423114be2c46c4811c63b13016",
    "https://raw.githubusercontent.com/i-xi-dev/number.es/8.0.0/src/uint6.ts": "bdf0dbfb14cd818a55284f2616a6cf2e7966fcaf67c04c12df6d50555dcaa1f8",
    "https://raw.githubusercontent.com/i-xi-dev/number.es/8.0.0/src/uint64.ts": "138c8a453c663b23cf76893983a1cdca663b58e2107d6f77e8e68da217641fb8",
    "https://raw.githubusercontent.com/i-xi-dev/number.es/8.0.0/src/uint7.ts": "fda5ae758d7f29800043053311db57bd6b2de8ebef8a2c7c4f7639203cc0e5c3",
    "https://raw.githubusercontent.com/i-xi-dev/number.es/8.0.0/src/uint8.ts": "7e8a29ed7eff9e26341c65c8796d8d58aa8da11f4490a8ca87ac650294e4aaaf",
    "https://raw.githubusercontent.com/i-xi-dev/object.es/1.0.1/mod.ts": "9e00572fc46a5e3b6ff6f1b115f8d0cbfcb90ba8b193a4233a922eed597d65cf",
    "https://raw.githubusercontent.com/i-xi-dev/object.es/1.0.1/src/object.ts": "d9f163ce4f8f04538a446a89f4d083467c547ec5da6df12fa608c9237ea40663",
    "https://raw.githubusercontent.com/i-xi-dev/percent.es/4.0.36/deps.ts": "bb5b0f5f66043660868c99314ef35d3ab4c59653cc7a4f430d65e6b1af6cc5e2",
    "https://raw.githubusercontent.com/i-xi-dev/percent.es/4.0.36/mod.ts": "954d2d090fd9b362654840aa83c55ee8c246516fe199e3681361688182a1ddd8",
    "https://raw.githubusercontent.com/i-xi-dev/percent.es/4.0.36/src/percent.ts": "98a1341a917d48dcbbe2e59d50c2f4d0b0998bd727a071f0fbbc96d71803a93b",
    "https://raw.githubusercontent.com/i-xi-dev/string.es/6.0.5/deps.ts": "41fef791e0f834df90aaf3969858e77cf084c94aa43c0d9a2b1e72634a009932",
    "https://raw.githubusercontent.com/i-xi-dev/string.es/6.0.5/mod.ts": "b707475542968cd0ac5ce29474709984f329f7a7320079b02b9410f0bc8a9825",
    "https://raw.githubusercontent.com/i-xi-dev/string.es/6.0.5/src/code_point.ts": "53f884f388717c602dece11f1f5af2d6c444e76eb7100223e5363ec368171313",
    "https://raw.githubusercontent.com/i-xi-dev/string.es/6.0.5/src/general_category.ts": "ed37611e5b64b9e4c9e84f9675900b2bd1a0ad629fbd90f5e512558580c55f0c",
    "https://raw.githubusercontent.com/i-xi-dev/string.es/6.0.5/src/isomorphic.ts": "bb3a5dfb91480ce4b60a74a12395b65d71dd63ce7271973e2d542a7598580219",
    "https://raw.githubusercontent.com/i-xi-dev/string.es/6.0.5/src/rune.ts": "2a1ec6942c9c1d43913a1967281bc404f3e7774b3aa5c78a822d42efb45dd220",
    "https://raw.githubusercontent.com/i-xi-dev/string.es/6.0.5/src/string.ts": "97ed54934f9535c8996940bf30d3d8ccc4f5f2ff362ab8144c584c0afbaa3cdf"
  }
}
